// !$*UTF8*$!
{
	archiveVersion = 1;
	classes = {
	};
	objectVersion = 46;
	objects = {

/* Begin PBXBuildFile section */
		CE52CC0018AC8F080013EC0C /* Foundation.framework in Frameworks */ = {isa = PBXBuildFile; fileRef = CE52CBFF18AC8F080013EC0C /* Foundation.framework */; };
		CE52CC0218AC8F080013EC0C /* CoreGraphics.framework in Frameworks */ = {isa = PBXBuildFile; fileRef = CE52CC0118AC8F080013EC0C /* CoreGraphics.framework */; };
		CE52CC0418AC8F080013EC0C /* UIKit.framework in Frameworks */ = {isa = PBXBuildFile; fileRef = CE52CC0318AC8F080013EC0C /* UIKit.framework */; };
		CE52CC0A18AC8F080013EC0C /* InfoPlist.strings in Resources */ = {isa = PBXBuildFile; fileRef = CE52CC0818AC8F080013EC0C /* InfoPlist.strings */; };
		CE52CC0C18AC8F080013EC0C /* main.m in Sources */ = {isa = PBXBuildFile; fileRef = CE52CC0B18AC8F080013EC0C /* main.m */; };
		CE52CC1018AC8F080013EC0C /* AppDelegate.m in Sources */ = {isa = PBXBuildFile; fileRef = CE52CC0F18AC8F080013EC0C /* AppDelegate.m */; };
		CE52CC1218AC8F080013EC0C /* Images.xcassets in Resources */ = {isa = PBXBuildFile; fileRef = CE52CC1118AC8F080013EC0C /* Images.xcassets */; };
		CE52CC1918AC8F080013EC0C /* XCTest.framework in Frameworks */ = {isa = PBXBuildFile; fileRef = CE52CC1818AC8F080013EC0C /* XCTest.framework */; };
		CE52CC1A18AC8F080013EC0C /* Foundation.framework in Frameworks */ = {isa = PBXBuildFile; fileRef = CE52CBFF18AC8F080013EC0C /* Foundation.framework */; };
		CE52CC1B18AC8F080013EC0C /* UIKit.framework in Frameworks */ = {isa = PBXBuildFile; fileRef = CE52CC0318AC8F080013EC0C /* UIKit.framework */; };
		CE52CC2318AC8F080013EC0C /* InfoPlist.strings in Resources */ = {isa = PBXBuildFile; fileRef = CE52CC2118AC8F080013EC0C /* InfoPlist.strings */; };
		CE52CC2518AC8F080013EC0C /* IBeaconMonitorTestTests.m in Sources */ = {isa = PBXBuildFile; fileRef = CE52CC2418AC8F080013EC0C /* IBeaconMonitorTestTests.m */; };
		CE52CC2F18AC90CC0013EC0C /* CoreLocation.framework in Frameworks */ = {isa = PBXBuildFile; fileRef = CE52CC2E18AC90CC0013EC0C /* CoreLocation.framework */; };
		CE52CC3218ACA0100013EC0C /* ViewController.m in Sources */ = {isa = PBXBuildFile; fileRef = CE52CC3118ACA0100013EC0C /* ViewController.m */; };
		CECEE26818E589070019BE85 /* BeaconClient.m in Sources */ = {isa = PBXBuildFile; fileRef = CECEE25A18E589070019BE85 /* BeaconClient.m */; };
		CECEE26918E589070019BE85 /* BeaconClientBluetooth.m in Sources */ = {isa = PBXBuildFile; fileRef = CECEE25C18E589070019BE85 /* BeaconClientBluetooth.m */; };
		CECEE26A18E589070019BE85 /* BeaconClientSystem.m in Sources */ = {isa = PBXBuildFile; fileRef = CECEE25E18E589070019BE85 /* BeaconClientSystem.m */; };
		CECEE26B18E589070019BE85 /* BeaconFactory.m in Sources */ = {isa = PBXBuildFile; fileRef = CECEE26118E589070019BE85 /* BeaconFactory.m */; };
		CECEE26C18E589070019BE85 /* BeaconServer.m in Sources */ = {isa = PBXBuildFile; fileRef = CECEE26318E589070019BE85 /* BeaconServer.m */; };
		CECEE26D18E589070019BE85 /* BeaconServerBluetooth.m in Sources */ = {isa = PBXBuildFile; fileRef = CECEE26518E589070019BE85 /* BeaconServerBluetooth.m */; };
		CECEE26E18E589070019BE85 /* BeaconServerSystem.m in Sources */ = {isa = PBXBuildFile; fileRef = CECEE26718E589070019BE85 /* BeaconServerSystem.m */; };
/* End PBXBuildFile section */

/* Begin PBXContainerItemProxy section */
		CE52CC1C18AC8F080013EC0C /* PBXContainerItemProxy */ = {
			isa = PBXContainerItemProxy;
			containerPortal = CE52CBF418AC8F080013EC0C /* Project object */;
			proxyType = 1;
			remoteGlobalIDString = CE52CBFB18AC8F080013EC0C;
			remoteInfo = IBeaconMonitorTest;
		};
/* End PBXContainerItemProxy section */

/* Begin PBXFileReference section */
		CE52CBFC18AC8F080013EC0C /* IBeaconMonitorTest.app */ = {isa = PBXFileReference; explicitFileType = wrapper.application; includeInIndex = 0; path = IBeaconMonitorTest.app; sourceTree = BUILT_PRODUCTS_DIR; };
		CE52CBFF18AC8F080013EC0C /* Foundation.framework */ = {isa = PBXFileReference; lastKnownFileType = wrapper.framework; name = Foundation.framework; path = System/Library/Frameworks/Foundation.framework; sourceTree = SDKROOT; };
		CE52CC0118AC8F080013EC0C /* CoreGraphics.framework */ = {isa = PBXFileReference; lastKnownFileType = wrapper.framework; name = CoreGraphics.framework; path = System/Library/Frameworks/CoreGraphics.framework; sourceTree = SDKROOT; };
		CE52CC0318AC8F080013EC0C /* UIKit.framework */ = {isa = PBXFileReference; lastKnownFileType = wrapper.framework; name = UIKit.framework; path = System/Library/Frameworks/UIKit.framework; sourceTree = SDKROOT; };
		CE52CC0718AC8F080013EC0C /* IBeaconMonitorTest-Info.plist */ = {isa = PBXFileReference; lastKnownFileType = text.plist.xml; path = "IBeaconMonitorTest-Info.plist"; sourceTree = "<group>"; };
		CE52CC0918AC8F080013EC0C /* en */ = {isa = PBXFileReference; lastKnownFileType = text.plist.strings; name = en; path = en.lproj/InfoPlist.strings; sourceTree = "<group>"; };
		CE52CC0B18AC8F080013EC0C /* main.m */ = {isa = PBXFileReference; lastKnownFileType = sourcecode.c.objc; path = main.m; sourceTree = "<group>"; };
		CE52CC0D18AC8F080013EC0C /* IBeaconMonitorTest-Prefix.pch */ = {isa = PBXFileReference; lastKnownFileType = sourcecode.c.h; path = "IBeaconMonitorTest-Prefix.pch"; sourceTree = "<group>"; };
		CE52CC0E18AC8F080013EC0C /* AppDelegate.h */ = {isa = PBXFileReference; lastKnownFileType = sourcecode.c.h; path = AppDelegate.h; sourceTree = "<group>"; };
		CE52CC0F18AC8F080013EC0C /* AppDelegate.m */ = {isa = PBXFileReference; lastKnownFileType = sourcecode.c.objc; path = AppDelegate.m; sourceTree = "<group>"; };
		CE52CC1118AC8F080013EC0C /* Images.xcassets */ = {isa = PBXFileReference; lastKnownFileType = folder.assetcatalog; path = Images.xcassets; sourceTree = "<group>"; };
		CE52CC1718AC8F080013EC0C /* IBeaconMonitorTestTests.xctest */ = {isa = PBXFileReference; explicitFileType = wrapper.cfbundle; includeInIndex = 0; path = IBeaconMonitorTestTests.xctest; sourceTree = BUILT_PRODUCTS_DIR; };
		CE52CC1818AC8F080013EC0C /* XCTest.framework */ = {isa = PBXFileReference; lastKnownFileType = wrapper.framework; name = XCTest.framework; path = Library/Frameworks/XCTest.framework; sourceTree = DEVELOPER_DIR; };
		CE52CC2018AC8F080013EC0C /* IBeaconMonitorTestTests-Info.plist */ = {isa = PBXFileReference; lastKnownFileType = text.plist.xml; path = "IBeaconMonitorTestTests-Info.plist"; sourceTree = "<group>"; };
		CE52CC2218AC8F080013EC0C /* en */ = {isa = PBXFileReference; lastKnownFileType = text.plist.strings; name = en; path = en.lproj/InfoPlist.strings; sourceTree = "<group>"; };
		CE52CC2418AC8F080013EC0C /* IBeaconMonitorTestTests.m */ = {isa = PBXFileReference; lastKnownFileType = sourcecode.c.objc; path = IBeaconMonitorTestTests.m; sourceTree = "<group>"; };
		CE52CC2E18AC90CC0013EC0C /* CoreLocation.framework */ = {isa = PBXFileReference; lastKnownFileType = wrapper.framework; name = CoreLocation.framework; path = System/Library/Frameworks/CoreLocation.framework; sourceTree = SDKROOT; };
		CE52CC3018ACA0100013EC0C /* ViewController.h */ = {isa = PBXFileReference; fileEncoding = 4; lastKnownFileType = sourcecode.c.h; path = ViewController.h; sourceTree = "<group>"; };
		CE52CC3118ACA0100013EC0C /* ViewController.m */ = {isa = PBXFileReference; fileEncoding = 4; lastKnownFileType = sourcecode.c.objc; path = ViewController.m; sourceTree = "<group>"; };
		CECEE25918E589070019BE85 /* BeaconClient.h */ = {isa = PBXFileReference; fileEncoding = 4; lastKnownFileType = sourcecode.c.h; path = BeaconClient.h; sourceTree = "<group>"; };
		CECEE25A18E589070019BE85 /* BeaconClient.m */ = {isa = PBXFileReference; fileEncoding = 4; lastKnownFileType = sourcecode.c.objc; path = BeaconClient.m; sourceTree = "<group>"; };
		CECEE25B18E589070019BE85 /* BeaconClientBluetooth.h */ = {isa = PBXFileReference; fileEncoding = 4; lastKnownFileType = sourcecode.c.h; path = BeaconClientBluetooth.h; sourceTree = "<group>"; };
		CECEE25C18E589070019BE85 /* BeaconClientBluetooth.m */ = {isa = PBXFileReference; fileEncoding = 4; lastKnownFileType = sourcecode.c.objc; path = BeaconClientBluetooth.m; sourceTree = "<group>"; };
		CECEE25D18E589070019BE85 /* BeaconClientSystem.h */ = {isa = PBXFileReference; fileEncoding = 4; lastKnownFileType = sourcecode.c.h; path = BeaconClientSystem.h; sourceTree = "<group>"; };
		CECEE25E18E589070019BE85 /* BeaconClientSystem.m */ = {isa = PBXFileReference; fileEncoding = 4; lastKnownFileType = sourcecode.c.objc; path = BeaconClientSystem.m; sourceTree = "<group>"; };
		CECEE25F18E589070019BE85 /* BeaconConstant.h */ = {isa = PBXFileReference; fileEncoding = 4; lastKnownFileType = sourcecode.c.h; path = BeaconConstant.h; sourceTree = "<group>"; };
		CECEE26018E589070019BE85 /* BeaconFactory.h */ = {isa = PBXFileReference; fileEncoding = 4; lastKnownFileType = sourcecode.c.h; path = BeaconFactory.h; sourceTree = "<group>"; };
		CECEE26118E589070019BE85 /* BeaconFactory.m */ = {isa = PBXFileReference; fileEncoding = 4; lastKnownFileType = sourcecode.c.objc; path = BeaconFactory.m; sourceTree = "<group>"; };
		CECEE26218E589070019BE85 /* BeaconServer.h */ = {isa = PBXFileReference; fileEncoding = 4; lastKnownFileType = sourcecode.c.h; path = BeaconServer.h; sourceTree = "<group>"; };
		CECEE26318E589070019BE85 /* BeaconServer.m */ = {isa = PBXFileReference; fileEncoding = 4; lastKnownFileType = sourcecode.c.objc; path = BeaconServer.m; sourceTree = "<group>"; };
		CECEE26418E589070019BE85 /* BeaconServerBluetooth.h */ = {isa = PBXFileReference; fileEncoding = 4; lastKnownFileType = sourcecode.c.h; path = BeaconServerBluetooth.h; sourceTree = "<group>"; };
		CECEE26518E589070019BE85 /* BeaconServerBluetooth.m */ = {isa = PBXFileReference; fileEncoding = 4; lastKnownFileType = sourcecode.c.objc; path = BeaconServerBluetooth.m; sourceTree = "<group>"; };
		CECEE26618E589070019BE85 /* BeaconServerSystem.h */ = {isa = PBXFileReference; fileEncoding = 4; lastKnownFileType = sourcecode.c.h; path = BeaconServerSystem.h; sourceTree = "<group>"; };
		CECEE26718E589070019BE85 /* BeaconServerSystem.m */ = {isa = PBXFileReference; fileEncoding = 4; lastKnownFileType = sourcecode.c.objc; path = BeaconServerSystem.m; sourceTree = "<group>"; };
/* End PBXFileReference section */

/* Begin PBXFrameworksBuildPhase section */
		CE52CBF918AC8F080013EC0C /* Frameworks */ = {
			isa = PBXFrameworksBuildPhase;
			buildActionMask = 2147483647;
			files = (
				CE52CC2F18AC90CC0013EC0C /* CoreLocation.framework in Frameworks */,
				CE52CC0218AC8F080013EC0C /* CoreGraphics.framework in Frameworks */,
				CE52CC0418AC8F080013EC0C /* UIKit.framework in Frameworks */,
				CE52CC0018AC8F080013EC0C /* Foundation.framework in Frameworks */,
			);
			runOnlyForDeploymentPostprocessing = 0;
		};
		CE52CC1418AC8F080013EC0C /* Frameworks */ = {
			isa = PBXFrameworksBuildPhase;
			buildActionMask = 2147483647;
			files = (
				CE52CC1918AC8F080013EC0C /* XCTest.framework in Frameworks */,
				CE52CC1B18AC8F080013EC0C /* UIKit.framework in Frameworks */,
				CE52CC1A18AC8F080013EC0C /* Foundation.framework in Frameworks */,
			);
			runOnlyForDeploymentPostprocessing = 0;
		};
/* End PBXFrameworksBuildPhase section */

/* Begin PBXGroup section */
		CE52CBF318AC8F080013EC0C = {
			isa = PBXGroup;
			children = (
				CE52CC0518AC8F080013EC0C /* IBeaconMonitorTest */,
				CE52CC1E18AC8F080013EC0C /* IBeaconMonitorTestTests */,
				CE52CBFE18AC8F080013EC0C /* Frameworks */,
				CE52CBFD18AC8F080013EC0C /* Products */,
			);
			sourceTree = "<group>";
		};
		CE52CBFD18AC8F080013EC0C /* Products */ = {
			isa = PBXGroup;
			children = (
				CE52CBFC18AC8F080013EC0C /* IBeaconMonitorTest.app */,
				CE52CC1718AC8F080013EC0C /* IBeaconMonitorTestTests.xctest */,
			);
			name = Products;
			sourceTree = "<group>";
		};
		CE52CBFE18AC8F080013EC0C /* Frameworks */ = {
			isa = PBXGroup;
			children = (
				CE52CC2E18AC90CC0013EC0C /* CoreLocation.framework */,
				CE52CBFF18AC8F080013EC0C /* Foundation.framework */,
				CE52CC0118AC8F080013EC0C /* CoreGraphics.framework */,
				CE52CC0318AC8F080013EC0C /* UIKit.framework */,
				CE52CC1818AC8F080013EC0C /* XCTest.framework */,
			);
			name = Frameworks;
			sourceTree = "<group>";
		};
		CE52CC0518AC8F080013EC0C /* IBeaconMonitorTest */ = {
			isa = PBXGroup;
			children = (
				CECEE25818E589070019BE85 /* Beacon */,
				CE52CC0E18AC8F080013EC0C /* AppDelegate.h */,
				CE52CC0F18AC8F080013EC0C /* AppDelegate.m */,
				CE52CC3018ACA0100013EC0C /* ViewController.h */,
				CE52CC3118ACA0100013EC0C /* ViewController.m */,
				CE52CC1118AC8F080013EC0C /* Images.xcassets */,
				CE52CC0618AC8F080013EC0C /* Supporting Files */,
			);
			path = IBeaconMonitorTest;
			sourceTree = "<group>";
		};
		CE52CC0618AC8F080013EC0C /* Supporting Files */ = {
			isa = PBXGroup;
			children = (
				CE52CC0718AC8F080013EC0C /* IBeaconMonitorTest-Info.plist */,
				CE52CC0818AC8F080013EC0C /* InfoPlist.strings */,
				CE52CC0B18AC8F080013EC0C /* main.m */,
				CE52CC0D18AC8F080013EC0C /* IBeaconMonitorTest-Prefix.pch */,
			);
			name = "Supporting Files";
			sourceTree = "<group>";
		};
		CE52CC1E18AC8F080013EC0C /* IBeaconMonitorTestTests */ = {
			isa = PBXGroup;
			children = (
				CE52CC2418AC8F080013EC0C /* IBeaconMonitorTestTests.m */,
				CE52CC1F18AC8F080013EC0C /* Supporting Files */,
			);
			path = IBeaconMonitorTestTests;
			sourceTree = "<group>";
		};
		CE52CC1F18AC8F080013EC0C /* Supporting Files */ = {
			isa = PBXGroup;
			children = (
				CE52CC2018AC8F080013EC0C /* IBeaconMonitorTestTests-Info.plist */,
				CE52CC2118AC8F080013EC0C /* InfoPlist.strings */,
			);
			name = "Supporting Files";
			sourceTree = "<group>";
		};
		CECEE25818E589070019BE85 /* Beacon */ = {
			isa = PBXGroup;
			children = (
				CECEE25918E589070019BE85 /* BeaconClient.h */,
				CECEE25A18E589070019BE85 /* BeaconClient.m */,
				CECEE25B18E589070019BE85 /* BeaconClientBluetooth.h */,
				CECEE25C18E589070019BE85 /* BeaconClientBluetooth.m */,
				CECEE25D18E589070019BE85 /* BeaconClientSystem.h */,
				CECEE25E18E589070019BE85 /* BeaconClientSystem.m */,
				CECEE25F18E589070019BE85 /* BeaconConstant.h */,
				CECEE26018E589070019BE85 /* BeaconFactory.h */,
				CECEE26118E589070019BE85 /* BeaconFactory.m */,
				CECEE26218E589070019BE85 /* BeaconServer.h */,
				CECEE26318E589070019BE85 /* BeaconServer.m */,
				CECEE26418E589070019BE85 /* BeaconServerBluetooth.h */,
				CECEE26518E589070019BE85 /* BeaconServerBluetooth.m */,
				CECEE26618E589070019BE85 /* BeaconServerSystem.h */,
				CECEE26718E589070019BE85 /* BeaconServerSystem.m */,
			);
			name = Beacon;
			path = ../../Beacon;
			sourceTree = "<group>";
		};
/* End PBXGroup section */

/* Begin PBXNativeTarget section */
		CE52CBFB18AC8F080013EC0C /* IBeaconMonitorTest */ = {
			isa = PBXNativeTarget;
			buildConfigurationList = CE52CC2818AC8F080013EC0C /* Build configuration list for PBXNativeTarget "IBeaconMonitorTest" */;
			buildPhases = (
				CE52CBF818AC8F080013EC0C /* Sources */,
				CE52CBF918AC8F080013EC0C /* Frameworks */,
				CE52CBFA18AC8F080013EC0C /* Resources */,
			);
			buildRules = (
			);
			dependencies = (
			);
			name = IBeaconMonitorTest;
			productName = IBeaconMonitorTest;
			productReference = CE52CBFC18AC8F080013EC0C /* IBeaconMonitorTest.app */;
			productType = "com.apple.product-type.application";
		};
		CE52CC1618AC8F080013EC0C /* IBeaconMonitorTestTests */ = {
			isa = PBXNativeTarget;
			buildConfigurationList = CE52CC2B18AC8F080013EC0C /* Build configuration list for PBXNativeTarget "IBeaconMonitorTestTests" */;
			buildPhases = (
				CE52CC1318AC8F080013EC0C /* Sources */,
				CE52CC1418AC8F080013EC0C /* Frameworks */,
				CE52CC1518AC8F080013EC0C /* Resources */,
			);
			buildRules = (
			);
			dependencies = (
				CE52CC1D18AC8F080013EC0C /* PBXTargetDependency */,
			);
			name = IBeaconMonitorTestTests;
			productName = IBeaconMonitorTestTests;
			productReference = CE52CC1718AC8F080013EC0C /* IBeaconMonitorTestTests.xctest */;
			productType = "com.apple.product-type.bundle.unit-test";
		};
/* End PBXNativeTarget section */

/* Begin PBXProject section */
		CE52CBF418AC8F080013EC0C /* Project object */ = {
			isa = PBXProject;
			attributes = {
				LastUpgradeCheck = 0500;
				ORGANIZATIONNAME = ediv;
				TargetAttributes = {
					CE52CC1618AC8F080013EC0C = {
						TestTargetID = CE52CBFB18AC8F080013EC0C;
					};
				};
			};
			buildConfigurationList = CE52CBF718AC8F080013EC0C /* Build configuration list for PBXProject "IBeaconMonitorTest" */;
			compatibilityVersion = "Xcode 3.2";
			developmentRegion = English;
			hasScannedForEncodings = 0;
			knownRegions = (
				en,
			);
			mainGroup = CE52CBF318AC8F080013EC0C;
			productRefGroup = CE52CBFD18AC8F080013EC0C /* Products */;
			projectDirPath = "";
			projectRoot = "";
			targets = (
				CE52CBFB18AC8F080013EC0C /* IBeaconMonitorTest */,
				CE52CC1618AC8F080013EC0C /* IBeaconMonitorTestTests */,
			);
		};
/* End PBXProject section */

/* Begin PBXResourcesBuildPhase section */
		CE52CBFA18AC8F080013EC0C /* Resources */ = {
			isa = PBXResourcesBuildPhase;
			buildActionMask = 2147483647;
			files = (
				CE52CC0A18AC8F080013EC0C /* InfoPlist.strings in Resources */,
				CE52CC1218AC8F080013EC0C /* Images.xcassets in Resources */,
			);
			runOnlyForDeploymentPostprocessing = 0;
		};
		CE52CC1518AC8F080013EC0C /* Resources */ = {
			isa = PBXResourcesBuildPhase;
			buildActionMask = 2147483647;
			files = (
				CE52CC2318AC8F080013EC0C /* InfoPlist.strings in Resources */,
			);
			runOnlyForDeploymentPostprocessing = 0;
		};
/* End PBXResourcesBuildPhase section */

/* Begin PBXSourcesBuildPhase section */
		CE52CBF818AC8F080013EC0C /* Sources */ = {
			isa = PBXSourcesBuildPhase;
			buildActionMask = 2147483647;
			files = (
				CECEE26C18E589070019BE85 /* BeaconServer.m in Sources */,
				CECEE26818E589070019BE85 /* BeaconClient.m in Sources */,
				CECEE26D18E589070019BE85 /* BeaconServerBluetooth.m in Sources */,
				CECEE26B18E589070019BE85 /* BeaconFactory.m in Sources */,
				CE52CC3218ACA0100013EC0C /* ViewController.m in Sources */,
				CECEE26918E589070019BE85 /* BeaconClientBluetooth.m in Sources */,
				CECEE26A18E589070019BE85 /* BeaconClientSystem.m in Sources */,
				CE52CC1018AC8F080013EC0C /* AppDelegate.m in Sources */,
				CE52CC0C18AC8F080013EC0C /* main.m in Sources */,
				CECEE26E18E589070019BE85 /* BeaconServerSystem.m in Sources */,
			);
			runOnlyForDeploymentPostprocessing = 0;
		};
		CE52CC1318AC8F080013EC0C /* Sources */ = {
			isa = PBXSourcesBuildPhase;
			buildActionMask = 2147483647;
			files = (
				CE52CC2518AC8F080013EC0C /* IBeaconMonitorTestTests.m in Sources */,
			);
			runOnlyForDeploymentPostprocessing = 0;
		};
/* End PBXSourcesBuildPhase section */

/* Begin PBXTargetDependency section */
		CE52CC1D18AC8F080013EC0C /* PBXTargetDependency */ = {
			isa = PBXTargetDependency;
			target = CE52CBFB18AC8F080013EC0C /* IBeaconMonitorTest */;
			targetProxy = CE52CC1C18AC8F080013EC0C /* PBXContainerItemProxy */;
		};
/* End PBXTargetDependency section */

/* Begin PBXVariantGroup section */
		CE52CC0818AC8F080013EC0C /* InfoPlist.strings */ = {
			isa = PBXVariantGroup;
			children = (
				CE52CC0918AC8F080013EC0C /* en */,
			);
			name = InfoPlist.strings;
			sourceTree = "<group>";
		};
		CE52CC2118AC8F080013EC0C /* InfoPlist.strings */ = {
			isa = PBXVariantGroup;
			children = (
				CE52CC2218AC8F080013EC0C /* en */,
			);
			name = InfoPlist.strings;
			sourceTree = "<group>";
		};
/* End PBXVariantGroup section */

/* Begin XCBuildConfiguration section */
		CE52CC2618AC8F080013EC0C /* Debug */ = {
			isa = XCBuildConfiguration;
			buildSettings = {
				ALWAYS_SEARCH_USER_PATHS = NO;
				ARCHS = "$(ARCHS_STANDARD_INCLUDING_64_BIT)";
				CLANG_CXX_LANGUAGE_STANDARD = "gnu++0x";
				CLANG_CXX_LIBRARY = "libc++";
				CLANG_ENABLE_MODULES = YES;
				CLANG_ENABLE_OBJC_ARC = YES;
				CLANG_WARN_BOOL_CONVERSION = YES;
				CLANG_WARN_CONSTANT_CONVERSION = YES;
				CLANG_WARN_DIRECT_OBJC_ISA_USAGE = YES_ERROR;
				CLANG_WARN_EMPTY_BODY = YES;
				CLANG_WARN_ENUM_CONVERSION = YES;
				CLANG_WARN_INT_CONVERSION = YES;
				CLANG_WARN_OBJC_ROOT_CLASS = YES_ERROR;
				CLANG_WARN__DUPLICATE_METHOD_MATCH = YES;
				"CODE_SIGN_IDENTITY[sdk=iphoneos*]" = "iPhone Developer";
				COPY_PHASE_STRIP = NO;
				GCC_C_LANGUAGE_STANDARD = gnu99;
				GCC_DYNAMIC_NO_PIC = NO;
				GCC_OPTIMIZATION_LEVEL = 0;
				GCC_PREPROCESSOR_DEFINITIONS = (
					"DEBUG=1",
					"$(inherited)",
				);
				GCC_SYMBOLS_PRIVATE_EXTERN = NO;
				GCC_WARN_64_TO_32_BIT_CONVERSION = YES;
				GCC_WARN_ABOUT_RETURN_TYPE = YES_ERROR;
				GCC_WARN_UNDECLARED_SELECTOR = YES;
				GCC_WARN_UNINITIALIZED_AUTOS = YES;
				GCC_WARN_UNUSED_FUNCTION = YES;
				GCC_WARN_UNUSED_VARIABLE = YES;
				IPHONEOS_DEPLOYMENT_TARGET = 7.0;
				ONLY_ACTIVE_ARCH = YES;
				PROVISIONING_PROFILE = "2518C696-9583-4936-8035-9F90DF53A826";
				SDKROOT = iphoneos;
				TARGETED_DEVICE_FAMILY = "1,2";
			};
			name = Debug;
		};
		CE52CC2718AC8F080013EC0C /* Release */ = {
			isa = XCBuildConfiguration;
			buildSettings = {
				ALWAYS_SEARCH_USER_PATHS = NO;
				ARCHS = "$(ARCHS_STANDARD_INCLUDING_64_BIT)";
				CLANG_CXX_LANGUAGE_STANDARD = "gnu++0x";
				CLANG_CXX_LIBRARY = "libc++";
				CLANG_ENABLE_MODULES = YES;
				CLANG_ENABLE_OBJC_ARC = YES;
				CLANG_WARN_BOOL_CONVERSION = YES;
				CLANG_WARN_CONSTANT_CONVERSION = YES;
				CLANG_WARN_DIRECT_OBJC_ISA_USAGE = YES_ERROR;
				CLANG_WARN_EMPTY_BODY = YES;
				CLANG_WARN_ENUM_CONVERSION = YES;
				CLANG_WARN_INT_CONVERSION = YES;
				CLANG_WARN_OBJC_ROOT_CLASS = YES_ERROR;
				CLANG_WARN__DUPLICATE_METHOD_MATCH = YES;
				"CODE_SIGN_IDENTITY[sdk=iphoneos*]" = "iPhone Developer";
				COPY_PHASE_STRIP = YES;
				ENABLE_NS_ASSERTIONS = NO;
				GCC_C_LANGUAGE_STANDARD = gnu99;
				GCC_WARN_64_TO_32_BIT_CONVERSION = YES;
				GCC_WARN_ABOUT_RETURN_TYPE = YES_ERROR;
				GCC_WARN_UNDECLARED_SELECTOR = YES;
				GCC_WARN_UNINITIALIZED_AUTOS = YES;
				GCC_WARN_UNUSED_FUNCTION = YES;
				GCC_WARN_UNUSED_VARIABLE = YES;
				IPHONEOS_DEPLOYMENT_TARGET = 7.0;
				PROVISIONING_PROFILE = "2518C696-9583-4936-8035-9F90DF53A826";
				SDKROOT = iphoneos;
				TARGETED_DEVICE_FAMILY = "1,2";
				VALIDATE_PRODUCT = YES;
			};
			name = Release;
		};
		CE52CC2918AC8F080013EC0C /* Debug */ = {
			isa = XCBuildConfiguration;
			buildSettings = {
				ASSETCATALOG_COMPILER_APPICON_NAME = AppIcon;
				ASSETCATALOG_COMPILER_LAUNCHIMAGE_NAME = LaunchImage;
				CODE_SIGN_IDENTITY = "iPhone Developer: xiaofen su (T23RZD45BH)";
				GCC_PRECOMPILE_PREFIX_HEADER = YES;
				GCC_PREFIX_HEADER = "IBeaconMonitorTest/IBeaconMonitorTest-Prefix.pch";
				INFOPLIST_FILE = "IBeaconMonitorTest/IBeaconMonitorTest-Info.plist";
				PRODUCT_NAME = "$(TARGET_NAME)";
				PROVISIONING_PROFILE = "2518C696-9583-4936-8035-9F90DF53A826";
				WRAPPER_EXTENSION = app;
			};
			name = Debug;
		};
		CE52CC2A18AC8F080013EC0C /* Release */ = {
			isa = XCBuildConfiguration;
			buildSettings = {
				ASSETCATALOG_COMPILER_APPICON_NAME = AppIcon;
				ASSETCATALOG_COMPILER_LAUNCHIMAGE_NAME = LaunchImage;
				CODE_SIGN_IDENTITY = "iPhone Developer: xiaofen su (T23RZD45BH)";
				GCC_PRECOMPILE_PREFIX_HEADER = YES;
				GCC_PREFIX_HEADER = "IBeaconMonitorTest/IBeaconMonitorTest-Prefix.pch";
				INFOPLIST_FILE = "IBeaconMonitorTest/IBeaconMonitorTest-Info.plist";
				PRODUCT_NAME = "$(TARGET_NAME)";
				PROVISIONING_PROFILE = "2518C696-9583-4936-8035-9F90DF53A826";
				WRAPPER_EXTENSION = app;
			};
			name = Release;
		};
		CE52CC2C18AC8F080013EC0C /* Debug */ = {
			isa = XCBuildConfiguration;
			buildSettings = {
				ARCHS = "$(ARCHS_STANDARD_INCLUDING_64_BIT)";
				BUNDLE_LOADER = "$(BUILT_PRODUCTS_DIR)/IBeaconMonitorTest.app/IBeaconMonitorTest";
				FRAMEWORK_SEARCH_PATHS = (
					"$(SDKROOT)/Developer/Library/Frameworks",
					"$(inherited)",
					"$(DEVELOPER_FRAMEWORKS_DIR)",
				);
				GCC_PRECOMPILE_PREFIX_HEADER = YES;
				GCC_PREFIX_HEADER = "IBeaconMonitorTest/IBeaconMonitorTest-Prefix.pch";
				GCC_PREPROCESSOR_DEFINITIONS = (
					"DEBUG=1",
					"$(inherited)",
				);
				INFOPLIST_FILE = "IBeaconMonitorTestTests/IBeaconMonitorTestTests-Info.plist";
				PRODUCT_NAME = "$(TARGET_NAME)";
				TEST_HOST = "$(BUNDLE_LOADER)";
				WRAPPER_EXTENSION = xctest;
			};
			name = Debug;
		};
		CE52CC2D18AC8F080013EC0C /* Release */ = {
			isa = XCBuildConfiguration;
			buildSettings = {
				ARCHS = "$(ARCHS_STANDARD_INCLUDING_64_BIT)";
				BUNDLE_LOADER = "$(BUILT_PRODUCTS_DIR)/IBeaconMonitorTest.app/IBeaconMonitorTest";
				FRAMEWORK_SEARCH_PATHS = (
					"$(SDKROOT)/Developer/Library/Frameworks",
					"$(inherited)",
					"$(DEVELOPER_FRAMEWORKS_DIR)",
				);
				GCC_PRECOMPILE_PREFIX_HEADER = YES;
				GCC_PREFIX_HEADER = "IBeaconMonitorTest/IBeaconMonitorTest-Prefix.pch";
				INFOPLIST_FILE = "IBeaconMonitorTestTests/IBeaconMonitorTestTests-Info.plist";
				PRODUCT_NAME = "$(TARGET_NAME)";
				TEST_HOST = "$(BUNDLE_LOADER)";
				WRAPPER_EXTENSION = xctest;
			};
			name = Release;
		};
/* End XCBuildConfiguration section */

/* Begin XCConfigurationList section */
		CE52CBF718AC8F080013EC0C /* Build configuration list for PBXProject "IBeaconMonitorTest" */ = {
			isa = XCConfigurationList;
			buildConfigurations = (
				CE52CC2618AC8F080013EC0C /* Debug */,
				CE52CC2718AC8F080013EC0C /* Release */,
			);
			defaultConfigurationIsVisible = 0;
			defaultConfigurationName = Release;
		};
		CE52CC2818AC8F080013EC0C /* Build configuration list for PBXNativeTarget "IBeaconMonitorTest" */ = {
			isa = XCConfigurationList;
			buildConfigurations = (
				CE52CC2918AC8F080013EC0C /* Debug */,
				CE52CC2A18AC8F080013EC0C /* Release */,
			);
			defaultConfigurationIsVisible = 0;
			defaultConfigurationName = Release;
		};
		CE52CC2B18AC8F080013EC0C /* Build configuration list for PBXNativeTarget "IBeaconMonitorTestTests" */ = {
			isa = XCConfigurationList;
			buildConfigurations = (
				CE52CC2C18AC8F080013EC0C /* Debug */,
				CE52CC2D18AC8F080013EC0C /* Release */,
			);
			defaultConfigurationIsVisible = 0;
			defaultConfigurationName = Release;
		};
/* End XCConfigurationList section */
	};
	rootObject = CE52CBF418AC8F080013EC0C /* Project object */;
}
